// !$*UTF8*$!
{
	archiveVersion = 1;
	classes = {
	};
	objectVersion = 46;
	objects = {

/* Begin PBXBuildFile section */
		1D65B95E1BE217B100926244 /* yyys_spleen.html in Resources */ = {isa = PBXBuildFile; fileRef = 1D65B95D1BE217B100926244 /* yyys_spleen.html */; };
		1D65B9601BE2180000926244 /* yyys_lung.html in Resources */ = {isa = PBXBuildFile; fileRef = 1D65B95F1BE2180000926244 /* yyys_lung.html */; };
		1D65B9621BE2182700926244 /* yyys_kidney.html in Resources */ = {isa = PBXBuildFile; fileRef = 1D65B9611BE2182700926244 /* yyys_kidney.html */; };
		1D65B9671BE224DA00926244 /* scys_html_bg.png in Resources */ = {isa = PBXBuildFile; fileRef = 1D65B9661BE224DA00926244 /* scys_html_bg.png */; };
		1D65B9741BE237C600926244 /* scys_zishi.html in Resources */ = {isa = PBXBuildFile; fileRef = 1D65B9731BE237C600926244 /* scys_zishi.html */; };
		1D65B9761BE2397800926244 /* scys_choushi.html in Resources */ = {isa = PBXBuildFile; fileRef = 1D65B9751BE2397800926244 /* scys_choushi.html */; };
		1D65B9781BE239E600926244 /* scys_yinshi.html in Resources */ = {isa = PBXBuildFile; fileRef = 1D65B9771BE239E600926244 /* scys_yinshi.html */; };
		1D65B97A1BE239F500926244 /* scys_maoshi.html in Resources */ = {isa = PBXBuildFile; fileRef = 1D65B9791BE239F500926244 /* scys_maoshi.html */; };
		1D65B97C1BE23A0400926244 /* scys_chenshi.html in Resources */ = {isa = PBXBuildFile; fileRef = 1D65B97B1BE23A0400926244 /* scys_chenshi.html */; };
		1D65B97E1BE23A1000926244 /* scys_sishi.html in Resources */ = {isa = PBXBuildFile; fileRef = 1D65B97D1BE23A1000926244 /* scys_sishi.html */; };
		1D65B9801BE23A1A00926244 /* scys_wushi.html in Resources */ = {isa = PBXBuildFile; fileRef = 1D65B97F1BE23A1A00926244 /* scys_wushi.html */; };
		1D65B9821BE23A2300926244 /* scys_weishi.html in Resources */ = {isa = PBXBuildFile; fileRef = 1D65B9811BE23A2300926244 /* scys_weishi.html */; };
		1D65B9841BE23A2F00926244 /* scys_shenshi.html in Resources */ = {isa = PBXBuildFile; fileRef = 1D65B9831BE23A2F00926244 /* scys_shenshi.html */; };
		1D65B9861BE23A3900926244 /* scys_youshi.html in Resources */ = {isa = PBXBuildFile; fileRef = 1D65B9851BE23A3900926244 /* scys_youshi.html */; };
		1D65B9881BE23A4300926244 /* scys_xushi.html in Resources */ = {isa = PBXBuildFile; fileRef = 1D65B9871BE23A4300926244 /* scys_xushi.html */; };
		1D65B98A1BE23A4E00926244 /* scys_haishi.html in Resources */ = {isa = PBXBuildFile; fileRef = 1D65B9891BE23A4E00926244 /* scys_haishi.html */; };
		1D65B98C1BE3199500926244 /* music.json in Resources */ = {isa = PBXBuildFile; fileRef = 1D65B98B1BE3199500926244 /* music.json */; };
		1D86E91F1BE33EE20055F5FE /* TDSession.m in Sources */ = {isa = PBXBuildFile; fileRef = 1D86E91C1BE33EE20055F5FE /* TDSession.m */; };
		1D86E9221BE356A00055F5FE /* Track.m in Sources */ = {isa = PBXBuildFile; fileRef = 1D86E9211BE356A00055F5FE /* Track.m */; };
		C0F1FDD0876907098CDDD630 /* libPods.a in Frameworks */ = {isa = PBXBuildFile; fileRef = F71D64658B9D73818BD77B0E /* libPods.a */; };
		FF28B72C1BDCF4A60054C7B4 /* HttpClient.m in Sources */ = {isa = PBXBuildFile; fileRef = FF28B72B1BDCF4A60054C7B4 /* HttpClient.m */; };
		FF28B72F1BDD05330054C7B4 /* WeacherLabel.m in Sources */ = {isa = PBXBuildFile; fileRef = FF28B72E1BDD05330054C7B4 /* WeacherLabel.m */; };
		FF28B7321BDD0F6A0054C7B4 /* HPublicMethod.m in Sources */ = {isa = PBXBuildFile; fileRef = FF28B7311BDD0F6A0054C7B4 /* HPublicMethod.m */; };
		FF28B7351BDD14420054C7B4 /* DetailViewController.m in Sources */ = {isa = PBXBuildFile; fileRef = FF28B7341BDD14420054C7B4 /* DetailViewController.m */; };
		FF2B93751BE453B00014DF39 /* yyys_bg.png in Resources */ = {isa = PBXBuildFile; fileRef = FF2B93741BE453B00014DF39 /* yyys_bg.png */; };
		FF2B93781BE456C80014DF39 /* HCellPlayer.m in Sources */ = {isa = PBXBuildFile; fileRef = FF2B93771BE456C80014DF39 /* HCellPlayer.m */; };
		FF2B937B1BE46E3E0014DF39 /* YYTrackCell.m in Sources */ = {isa = PBXBuildFile; fileRef = FF2B937A1BE46E3E0014DF39 /* YYTrackCell.m */; };
		FF2B937E1BE479E00014DF39 /* NavPlayButton.m in Sources */ = {isa = PBXBuildFile; fileRef = FF2B937D1BE479E00014DF39 /* NavPlayButton.m */; };
		FF2B93841BE4EB100014DF39 /* JLCell.m in Sources */ = {isa = PBXBuildFile; fileRef = FF2B93831BE4EB100014DF39 /* JLCell.m */; };
		FF2B93861BE4F0880014DF39 /* ysf.html in Resources */ = {isa = PBXBuildFile; fileRef = FF2B93851BE4F0880014DF39 /* ysf.html */; };
		FF2B93A81BE4F57A0014DF39 /* ysf_gj.png in Resources */ = {isa = PBXBuildFile; fileRef = FF2B939F1BE4F57A0014DF39 /* ysf_gj.png */; };
		FF2B93A91BE4F57A0014DF39 /* ysf_jb.png in Resources */ = {isa = PBXBuildFile; fileRef = FF2B93A01BE4F57A0014DF39 /* ysf_jb.png */; };
		FF2B93AA1BE4F57A0014DF39 /* ysf_jd.png in Resources */ = {isa = PBXBuildFile; fileRef = FF2B93A11BE4F57A0014DF39 /* ysf_jd.png */; };
		FF2B93AB1BE4F57A0014DF39 /* ysf_jl.png in Resources */ = {isa = PBXBuildFile; fileRef = FF2B93A21BE4F57A0014DF39 /* ysf_jl.png */; };
		FF2B93AC1BE4F57A0014DF39 /* ysf_js.png in Resources */ = {isa = PBXBuildFile; fileRef = FF2B93A31BE4F57A0014DF39 /* ysf_js.png */; };
		FF2B93AD1BE4F57A0014DF39 /* ysf_ss.png in Resources */ = {isa = PBXBuildFile; fileRef = FF2B93A41BE4F57A0014DF39 /* ysf_ss.png */; };
		FF2B93AE1BE4F57A0014DF39 /* ysf_tq.png in Resources */ = {isa = PBXBuildFile; fileRef = FF2B93A51BE4F57A0014DF39 /* ysf_tq.png */; };
		FF2B93AF1BE4F57A0014DF39 /* ysf_xs.png in Resources */ = {isa = PBXBuildFile; fileRef = FF2B93A61BE4F57A0014DF39 /* ysf_xs.png */; };
		FF2B93B01BE4F57A0014DF39 /* ysf_ys.png in Resources */ = {isa = PBXBuildFile; fileRef = FF2B93A71BE4F57A0014DF39 /* ysf_ys.png */; };
		FF56083C1BE50E6300BE2EDA /* jlys.html in Resources */ = {isa = PBXBuildFile; fileRef = FF56083B1BE50E6300BE2EDA /* jlys.html */; };
		FF56083F1BE5142200BE2EDA /* JLYSViewController.m in Sources */ = {isa = PBXBuildFile; fileRef = FF56083E1BE5142200BE2EDA /* JLYSViewController.m */; };
		FF56084F1BE58D1C00BE2EDA /* jlys_dcj.png in Resources */ = {isa = PBXBuildFile; fileRef = FF5608421BE58D1C00BE2EDA /* jlys_dcj.png */; };
		FF5608501BE58D1C00BE2EDA /* jlys_dm.png in Resources */ = {isa = PBXBuildFile; fileRef = FF5608431BE58D1C00BE2EDA /* jlys_dm.png */; };
		FF5608511BE58D1C00BE2EDA /* jlys_fj.png in Resources */ = {isa = PBXBuildFile; fileRef = FF5608441BE58D1C00BE2EDA /* jlys_fj.png */; };
		FF5608521BE58D1C00BE2EDA /* jlys_gj.png in Resources */ = {isa = PBXBuildFile; fileRef = FF5608451BE58D1C00BE2EDA /* jlys_gj.png */; };
		FF5608531BE58D1C00BE2EDA /* jlys_pgj.png in Resources */ = {isa = PBXBuildFile; fileRef = FF5608461BE58D1C00BE2EDA /* jlys_pgj.png */; };
		FF5608541BE58D1C00BE2EDA /* jlys_pj.png in Resources */ = {isa = PBXBuildFile; fileRef = FF5608471BE58D1C00BE2EDA /* jlys_pj.png */; };
		FF5608551BE58D1C00BE2EDA /* jlys_rm.png in Resources */ = {isa = PBXBuildFile; fileRef = FF5608481BE58D1C00BE2EDA /* jlys_rm.png */; };
		FF5608561BE58D1C00BE2EDA /* jlys_sj.png in Resources */ = {isa = PBXBuildFile; fileRef = FF5608491BE58D1C00BE2EDA /* jlys_sj.png */; };
		FF5608571BE58D1C00BE2EDA /* jlys_sjj.png in Resources */ = {isa = PBXBuildFile; fileRef = FF56084A1BE58D1C00BE2EDA /* jlys_sjj.png */; };
		FF5608581BE58D1C00BE2EDA /* jlys_wj.png in Resources */ = {isa = PBXBuildFile; fileRef = FF56084B1BE58D1C00BE2EDA /* jlys_wj.png */; };
		FF5608591BE58D1C00BE2EDA /* jlys_xbj.png in Resources */ = {isa = PBXBuildFile; fileRef = FF56084C1BE58D1C00BE2EDA /* jlys_xbj.png */; };
		FF56085A1BE58D1C00BE2EDA /* jlys_xcj.png in Resources */ = {isa = PBXBuildFile; fileRef = FF56084D1BE58D1C00BE2EDA /* jlys_xcj.png */; };
		FF56085B1BE58D1C00BE2EDA /* jlys_xj.png in Resources */ = {isa = PBXBuildFile; fileRef = FF56084E1BE58D1C00BE2EDA /* jlys_xj.png */; };
		FF56085D1BE590B600BE2EDA /* jlys_dj.png in Resources */ = {isa = PBXBuildFile; fileRef = FF56085C1BE590B600BE2EDA /* jlys_dj.png */; };
		FF5608601BE595B800BE2EDA /* Player.m in Sources */ = {isa = PBXBuildFile; fileRef = FF56085F1BE595B800BE2EDA /* Player.m */; };
		FF5608681BE5C4CA00BE2EDA /* test.html in Resources */ = {isa = PBXBuildFile; fileRef = FF5608671BE5C4CA00BE2EDA /* test.html */; };
		FF5608721BE5F1FE00BE2EDA /* SHDocumentsFile.m in Sources */ = {isa = PBXBuildFile; fileRef = FF56086B1BE5F1FE00BE2EDA /* SHDocumentsFile.m */; };
		FF5608731BE5F1FE00BE2EDA /* SHDownloader.m in Sources */ = {isa = PBXBuildFile; fileRef = FF56086D1BE5F1FE00BE2EDA /* SHDownloader.m */; };
		FF5608741BE5F1FE00BE2EDA /* SHFile.m in Sources */ = {isa = PBXBuildFile; fileRef = FF56086F1BE5F1FE00BE2EDA /* SHFile.m */; };
		FF5608751BE5F1FE00BE2EDA /* SHTemporaryFile.m in Sources */ = {isa = PBXBuildFile; fileRef = FF5608711BE5F1FE00BE2EDA /* SHTemporaryFile.m */; };
		FFA281BB1BDCE2270095539F /* NSString+Extension.m in Sources */ = {isa = PBXBuildFile; fileRef = FFA281BA1BDCE2270095539F /* NSString+Extension.m */; };
		FFA281BE1BDCE3DC0095539F /* MainViewController.m in Sources */ = {isa = PBXBuildFile; fileRef = FFA281BD1BDCE3DC0095539F /* MainViewController.m */; };
		FFA281C11BDCE6930095539F /* UIColor+Hex.m in Sources */ = {isa = PBXBuildFile; fileRef = FFA281C01BDCE6930095539F /* UIColor+Hex.m */; };
		FFA281C41BDCEB140095539F /* TimerHeader.m in Sources */ = {isa = PBXBuildFile; fileRef = FFA281C31BDCEB140095539F /* TimerHeader.m */; };
		FFC30B631BDCB52100D89D62 /* main.m in Sources */ = {isa = PBXBuildFile; fileRef = FFC30B621BDCB52100D89D62 /* main.m */; };
		FFC30B661BDCB52100D89D62 /* AppDelegate.m in Sources */ = {isa = PBXBuildFile; fileRef = FFC30B651BDCB52100D89D62 /* AppDelegate.m */; };
		FFC30B691BDCB52100D89D62 /* ViewController.m in Sources */ = {isa = PBXBuildFile; fileRef = FFC30B681BDCB52100D89D62 /* ViewController.m */; };
		FFC30B6C1BDCB52100D89D62 /* Main.storyboard in Resources */ = {isa = PBXBuildFile; fileRef = FFC30B6A1BDCB52100D89D62 /* Main.storyboard */; };
		FFC30B6E1BDCB52100D89D62 /* Assets.xcassets in Resources */ = {isa = PBXBuildFile; fileRef = FFC30B6D1BDCB52100D89D62 /* Assets.xcassets */; };
		FFC30B711BDCB52100D89D62 /* LaunchScreen.storyboard in Resources */ = {isa = PBXBuildFile; fileRef = FFC30B6F1BDCB52100D89D62 /* LaunchScreen.storyboard */; };
		FFC30B7B1BDCB95100D89D62 /* HBaseCell.m in Sources */ = {isa = PBXBuildFile; fileRef = FFC30B7A1BDCB95100D89D62 /* HBaseCell.m */; };
		FFC30B7E1BDCB98900D89D62 /* PeriodHealthCell.m in Sources */ = {isa = PBXBuildFile; fileRef = FFC30B7D1BDCB98900D89D62 /* PeriodHealthCell.m */; };
		FFD8B99F1BE125CB0041EBE6 /* YYYSViewController.m in Sources */ = {isa = PBXBuildFile; fileRef = FFD8B99E1BE125CB0041EBE6 /* YYYSViewController.m */; };
		FFD8B9A21BE1271E0041EBE6 /* BaseViewController.m in Sources */ = {isa = PBXBuildFile; fileRef = FFD8B9A11BE1271E0041EBE6 /* BaseViewController.m */; };
		FFD8B9A51BE128CE0041EBE6 /* IntroViewController.m in Sources */ = {isa = PBXBuildFile; fileRef = FFD8B9A41BE128CE0041EBE6 /* IntroViewController.m */; };
		FFD8B9A81BE12A020041EBE6 /* yyys.html in Resources */ = {isa = PBXBuildFile; fileRef = FFD8B9A71BE12A020041EBE6 /* yyys.html */; };
		FFD8CCA31BE11A55006FBF8D /* SCYSViewController.m in Sources */ = {isa = PBXBuildFile; fileRef = FFD8CCA21BE11A55006FBF8D /* SCYSViewController.m */; };
		FFDA637C1BE3C48900CF80B6 /* YYYSSectionView.m in Sources */ = {isa = PBXBuildFile; fileRef = FFDA637B1BE3C48900CF80B6 /* YYYSSectionView.m */; };
		FFDCC4911BE12DBF002CCAB9 /* scys.html in Resources */ = {isa = PBXBuildFile; fileRef = FFDCC4901BE12DBF002CCAB9 /* scys.html */; };
		FFDCC4931BE12F4A002CCAB9 /* yyys_heart.html in Resources */ = {isa = PBXBuildFile; fileRef = FFDCC4921BE12F4A002CCAB9 /* yyys_heart.html */; };
		FFDCC4961BE1304B002CCAB9 /* WebViewDetailController.m in Sources */ = {isa = PBXBuildFile; fileRef = FFDCC4951BE1304B002CCAB9 /* WebViewDetailController.m */; };
		FFDCC4981BE13304002CCAB9 /* yyys_liver.html in Resources */ = {isa = PBXBuildFile; fileRef = FFDCC4971BE13304002CCAB9 /* yyys_liver.html */; };
		FFDCC49B1BE270FC002CCAB9 /* HTypeCell.m in Sources */ = {isa = PBXBuildFile; fileRef = FFDCC49A1BE270FC002CCAB9 /* HTypeCell.m */; };
		FFDCC49E1BE27289002CCAB9 /* YYCell.m in Sources */ = {isa = PBXBuildFile; fileRef = FFDCC49D1BE27289002CCAB9 /* YYCell.m */; };
		FFDCC4A11BE2775B002CCAB9 /* HPlayer.m in Sources */ = {isa = PBXBuildFile; fileRef = FFDCC4A01BE2775B002CCAB9 /* HPlayer.m */; };
		FFED0EFE1BE7A24F0066997D /* Default-568h@2x.png in Resources */ = {isa = PBXBuildFile; fileRef = FFED0EFD1BE7A24F0066997D /* Default-568h@2x.png */; };
/* End PBXBuildFile section */

/* Begin PBXFileReference section */
		1C59895F6647A2FA57E6C1FF /* Pods.release.xcconfig */ = {isa = PBXFileReference; includeInIndex = 1; lastKnownFileType = text.xcconfig; name = Pods.release.xcconfig; path = "Pods/Target Support Files/Pods/Pods.release.xcconfig"; sourceTree = "<group>"; };
		1D65B95D1BE217B100926244 /* yyys_spleen.html */ = {isa = PBXFileReference; fileEncoding = 4; lastKnownFileType = text.html; path = yyys_spleen.html; sourceTree = "<group>"; };
		1D65B95F1BE2180000926244 /* yyys_lung.html */ = {isa = PBXFileReference; fileEncoding = 4; lastKnownFileType = text.html; path = yyys_lung.html; sourceTree = "<group>"; };
		1D65B9611BE2182700926244 /* yyys_kidney.html */ = {isa = PBXFileReference; fileEncoding = 4; lastKnownFileType = text.html; path = yyys_kidney.html; sourceTree = "<group>"; };
		1D65B9661BE224DA00926244 /* scys_html_bg.png */ = {isa = PBXFileReference; lastKnownFileType = image.png; path = scys_html_bg.png; sourceTree = "<group>"; };
		1D65B9731BE237C600926244 /* scys_zishi.html */ = {isa = PBXFileReference; fileEncoding = 4; lastKnownFileType = text.html; path = scys_zishi.html; sourceTree = "<group>"; };
		1D65B9751BE2397800926244 /* scys_choushi.html */ = {isa = PBXFileReference; fileEncoding = 4; lastKnownFileType = text.html; path = scys_choushi.html; sourceTree = "<group>"; };
		1D65B9771BE239E600926244 /* scys_yinshi.html */ = {isa = PBXFileReference; fileEncoding = 4; lastKnownFileType = text.html; path = scys_yinshi.html; sourceTree = "<group>"; };
		1D65B9791BE239F500926244 /* scys_maoshi.html */ = {isa = PBXFileReference; fileEncoding = 4; lastKnownFileType = text.html; path = scys_maoshi.html; sourceTree = "<group>"; };
		1D65B97B1BE23A0400926244 /* scys_chenshi.html */ = {isa = PBXFileReference; fileEncoding = 4; lastKnownFileType = text.html; path = scys_chenshi.html; sourceTree = "<group>"; };
		1D65B97D1BE23A1000926244 /* scys_sishi.html */ = {isa = PBXFileReference; fileEncoding = 4; lastKnownFileType = text.html; path = scys_sishi.html; sourceTree = "<group>"; };
		1D65B97F1BE23A1A00926244 /* scys_wushi.html */ = {isa = PBXFileReference; fileEncoding = 4; lastKnownFileType = text.html; path = scys_wushi.html; sourceTree = "<group>"; };
		1D65B9811BE23A2300926244 /* scys_weishi.html */ = {isa = PBXFileReference; fileEncoding = 4; lastKnownFileType = text.html; path = scys_weishi.html; sourceTree = "<group>"; };
		1D65B9831BE23A2F00926244 /* scys_shenshi.html */ = {isa = PBXFileReference; fileEncoding = 4; lastKnownFileType = text.html; path = scys_shenshi.html; sourceTree = "<group>"; };
		1D65B9851BE23A3900926244 /* scys_youshi.html */ = {isa = PBXFileReference; fileEncoding = 4; lastKnownFileType = text.html; path = scys_youshi.html; sourceTree = "<group>"; };
		1D65B9871BE23A4300926244 /* scys_xushi.html */ = {isa = PBXFileReference; fileEncoding = 4; lastKnownFileType = text.html; path = scys_xushi.html; sourceTree = "<group>"; };
		1D65B9891BE23A4E00926244 /* scys_haishi.html */ = {isa = PBXFileReference; fileEncoding = 4; lastKnownFileType = text.html; path = scys_haishi.html; sourceTree = "<group>"; };
		1D65B98B1BE3199500926244 /* music.json */ = {isa = PBXFileReference; fileEncoding = 4; lastKnownFileType = text.json; path = music.json; sourceTree = "<group>"; };
		1D86E91B1BE33EE20055F5FE /* TDSession.h */ = {isa = PBXFileReference; fileEncoding = 4; lastKnownFileType = sourcecode.c.h; path = TDSession.h; sourceTree = "<group>"; };
		1D86E91C1BE33EE20055F5FE /* TDSession.m */ = {isa = PBXFileReference; fileEncoding = 4; lastKnownFileType = sourcecode.c.objc; path = TDSession.m; sourceTree = "<group>"; };
		1D86E9201BE356A00055F5FE /* Track.h */ = {isa = PBXFileReference; fileEncoding = 4; lastKnownFileType = sourcecode.c.h; path = Track.h; sourceTree = "<group>"; };
		1D86E9211BE356A00055F5FE /* Track.m */ = {isa = PBXFileReference; fileEncoding = 4; lastKnownFileType = sourcecode.c.objc; path = Track.m; sourceTree = "<group>"; };
		399DFCCFE63ACE241A2D3D6E /* Pods.debug.xcconfig */ = {isa = PBXFileReference; includeInIndex = 1; lastKnownFileType = text.xcconfig; name = Pods.debug.xcconfig; path = "Pods/Target Support Files/Pods/Pods.debug.xcconfig"; sourceTree = "<group>"; };
		F71D64658B9D73818BD77B0E /* libPods.a */ = {isa = PBXFileReference; explicitFileType = archive.ar; includeInIndex = 0; path = libPods.a; sourceTree = BUILT_PRODUCTS_DIR; };
		FF28B72A1BDCF4A60054C7B4 /* HttpClient.h */ = {isa = PBXFileReference; fileEncoding = 4; lastKnownFileType = sourcecode.c.h; path = HttpClient.h; sourceTree = "<group>"; };
		FF28B72B1BDCF4A60054C7B4 /* HttpClient.m */ = {isa = PBXFileReference; fileEncoding = 4; lastKnownFileType = sourcecode.c.objc; path = HttpClient.m; sourceTree = "<group>"; };
		FF28B72D1BDD05330054C7B4 /* WeacherLabel.h */ = {isa = PBXFileReference; fileEncoding = 4; lastKnownFileType = sourcecode.c.h; path = WeacherLabel.h; sourceTree = "<group>"; };
		FF28B72E1BDD05330054C7B4 /* WeacherLabel.m */ = {isa = PBXFileReference; fileEncoding = 4; lastKnownFileType = sourcecode.c.objc; path = WeacherLabel.m; sourceTree = "<group>"; };
		FF28B7301BDD0F6A0054C7B4 /* HPublicMethod.h */ = {isa = PBXFileReference; fileEncoding = 4; lastKnownFileType = sourcecode.c.h; path = HPublicMethod.h; sourceTree = "<group>"; };
		FF28B7311BDD0F6A0054C7B4 /* HPublicMethod.m */ = {isa = PBXFileReference; fileEncoding = 4; lastKnownFileType = sourcecode.c.objc; path = HPublicMethod.m; sourceTree = "<group>"; };
		FF28B7331BDD14420054C7B4 /* DetailViewController.h */ = {isa = PBXFileReference; fileEncoding = 4; lastKnownFileType = sourcecode.c.h; path = DetailViewController.h; sourceTree = "<group>"; };
		FF28B7341BDD14420054C7B4 /* DetailViewController.m */ = {isa = PBXFileReference; fileEncoding = 4; lastKnownFileType = sourcecode.c.objc; path = DetailViewController.m; sourceTree = "<group>"; };
		FF2B93741BE453B00014DF39 /* yyys_bg.png */ = {isa = PBXFileReference; lastKnownFileType = image.png; path = yyys_bg.png; sourceTree = "<group>"; };
		FF2B93761BE456C80014DF39 /* HCellPlayer.h */ = {isa = PBXFileReference; fileEncoding = 4; lastKnownFileType = sourcecode.c.h; path = HCellPlayer.h; sourceTree = "<group>"; };
		FF2B93771BE456C80014DF39 /* HCellPlayer.m */ = {isa = PBXFileReference; fileEncoding = 4; lastKnownFileType = sourcecode.c.objc; path = HCellPlayer.m; sourceTree = "<group>"; };
		FF2B93791BE46E3E0014DF39 /* YYTrackCell.h */ = {isa = PBXFileReference; fileEncoding = 4; lastKnownFileType = sourcecode.c.h; path = YYTrackCell.h; sourceTree = "<group>"; };
		FF2B937A1BE46E3E0014DF39 /* YYTrackCell.m */ = {isa = PBXFileReference; fileEncoding = 4; lastKnownFileType = sourcecode.c.objc; path = YYTrackCell.m; sourceTree = "<group>"; };
		FF2B937C1BE479E00014DF39 /* NavPlayButton.h */ = {isa = PBXFileReference; fileEncoding = 4; lastKnownFileType = sourcecode.c.h; path = NavPlayButton.h; sourceTree = "<group>"; };
		FF2B937D1BE479E00014DF39 /* NavPlayButton.m */ = {isa = PBXFileReference; fileEncoding = 4; lastKnownFileType = sourcecode.c.objc; path = NavPlayButton.m; sourceTree = "<group>"; };
		FF2B93821BE4EB100014DF39 /* JLCell.h */ = {isa = PBXFileReference; fileEncoding = 4; lastKnownFileType = sourcecode.c.h; path = JLCell.h; sourceTree = "<group>"; };
		FF2B93831BE4EB100014DF39 /* JLCell.m */ = {isa = PBXFileReference; fileEncoding = 4; lastKnownFileType = sourcecode.c.objc; path = JLCell.m; sourceTree = "<group>"; };
		FF2B93851BE4F0880014DF39 /* ysf.html */ = {isa = PBXFileReference; fileEncoding = 4; lastKnownFileType = text.html; path = ysf.html; sourceTree = "<group>"; };
		FF2B939F1BE4F57A0014DF39 /* ysf_gj.png */ = {isa = PBXFileReference; lastKnownFileType = image.png; path = ysf_gj.png; sourceTree = "<group>"; };
		FF2B93A01BE4F57A0014DF39 /* ysf_jb.png */ = {isa = PBXFileReference; lastKnownFileType = image.png; path = ysf_jb.png; sourceTree = "<group>"; };
		FF2B93A11BE4F57A0014DF39 /* ysf_jd.png */ = {isa = PBXFileReference; lastKnownFileType = image.png; path = ysf_jd.png; sourceTree = "<group>"; };
		FF2B93A21BE4F57A0014DF39 /* ysf_jl.png */ = {isa = PBXFileReference; lastKnownFileType = image.png; path = ysf_jl.png; sourceTree = "<group>"; };
		FF2B93A31BE4F57A0014DF39 /* ysf_js.png */ = {isa = PBXFileReference; lastKnownFileType = image.png; path = ysf_js.png; sourceTree = "<group>"; };
		FF2B93A41BE4F57A0014DF39 /* ysf_ss.png */ = {isa = PBXFileReference; lastKnownFileType = image.png; path = ysf_ss.png; sourceTree = "<group>"; };
		FF2B93A51BE4F57A0014DF39 /* ysf_tq.png */ = {isa = PBXFileReference; lastKnownFileType = image.png; path = ysf_tq.png; sourceTree = "<group>"; };
		FF2B93A61BE4F57A0014DF39 /* ysf_xs.png */ = {isa = PBXFileReference; lastKnownFileType = image.png; path = ysf_xs.png; sourceTree = "<group>"; };
		FF2B93A71BE4F57A0014DF39 /* ysf_ys.png */ = {isa = PBXFileReference; lastKnownFileType = image.png; path = ysf_ys.png; sourceTree = "<group>"; };
		FF56083B1BE50E6300BE2EDA /* jlys.html */ = {isa = PBXFileReference; fileEncoding = 4; lastKnownFileType = text.html; path = jlys.html; sourceTree = "<group>"; };
		FF56083D1BE5142200BE2EDA /* JLYSViewController.h */ = {isa = PBXFileReference; fileEncoding = 4; lastKnownFileType = sourcecode.c.h; name = JLYSViewController.h; path = view/JLYSViewController.h; sourceTree = "<group>"; };
		FF56083E1BE5142200BE2EDA /* JLYSViewController.m */ = {isa = PBXFileReference; fileEncoding = 4; lastKnownFileType = sourcecode.c.objc; name = JLYSViewController.m; path = view/JLYSViewController.m; sourceTree = "<group>"; };
		FF5608421BE58D1C00BE2EDA /* jlys_dcj.png */ = {isa = PBXFileReference; lastKnownFileType = image.png; path = jlys_dcj.png; sourceTree = "<group>"; };
		FF5608431BE58D1C00BE2EDA /* jlys_dm.png */ = {isa = PBXFileReference; lastKnownFileType = image.png; path = jlys_dm.png; sourceTree = "<group>"; };
		FF5608441BE58D1C00BE2EDA /* jlys_fj.png */ = {isa = PBXFileReference; lastKnownFileType = image.png; path = jlys_fj.png; sourceTree = "<group>"; };
		FF5608451BE58D1C00BE2EDA /* jlys_gj.png */ = {isa = PBXFileReference; lastKnownFileType = image.png; path = jlys_gj.png; sourceTree = "<group>"; };
		FF5608461BE58D1C00BE2EDA /* jlys_pgj.png */ = {isa = PBXFileReference; lastKnownFileType = image.png; path = jlys_pgj.png; sourceTree = "<group>"; };
		FF5608471BE58D1C00BE2EDA /* jlys_pj.png */ = {isa = PBXFileReference; lastKnownFileType = image.png; path = jlys_pj.png; sourceTree = "<group>"; };
		FF5608481BE58D1C00BE2EDA /* jlys_rm.png */ = {isa = PBXFileReference; lastKnownFileType = image.png; path = jlys_rm.png; sourceTree = "<group>"; };
		FF5608491BE58D1C00BE2EDA /* jlys_sj.png */ = {isa = PBXFileReference; lastKnownFileType = image.png; path = jlys_sj.png; sourceTree = "<group>"; };
		FF56084A1BE58D1C00BE2EDA /* jlys_sjj.png */ = {isa = PBXFileReference; lastKnownFileType = image.png; path = jlys_sjj.png; sourceTree = "<group>"; };
		FF56084B1BE58D1C00BE2EDA /* jlys_wj.png */ = {isa = PBXFileReference; lastKnownFileType = image.png; path = jlys_wj.png; sourceTree = "<group>"; };
		FF56084C1BE58D1C00BE2EDA /* jlys_xbj.png */ = {isa = PBXFileReference; lastKnownFileType = image.png; path = jlys_xbj.png; sourceTree = "<group>"; };
		FF56084D1BE58D1C00BE2EDA /* jlys_xcj.png */ = {isa = PBXFileReference; lastKnownFileType = image.png; path = jlys_xcj.png; sourceTree = "<group>"; };
		FF56084E1BE58D1C00BE2EDA /* jlys_xj.png */ = {isa = PBXFileReference; lastKnownFileType = image.png; path = jlys_xj.png; sourceTree = "<group>"; };
		FF56085C1BE590B600BE2EDA /* jlys_dj.png */ = {isa = PBXFileReference; lastKnownFileType = image.png; path = jlys_dj.png; sourceTree = "<group>"; };
		FF56085E1BE595B800BE2EDA /* Player.h */ = {isa = PBXFileReference; fileEncoding = 4; lastKnownFileType = sourcecode.c.h; path = Player.h; sourceTree = "<group>"; };
		FF56085F1BE595B800BE2EDA /* Player.m */ = {isa = PBXFileReference; fileEncoding = 4; lastKnownFileType = sourcecode.c.objc; path = Player.m; sourceTree = "<group>"; };
		FF5608671BE5C4CA00BE2EDA /* test.html */ = {isa = PBXFileReference; fileEncoding = 4; lastKnownFileType = text.html; path = test.html; sourceTree = "<group>"; };
		FF56086A1BE5F1FE00BE2EDA /* SHDocumentsFile.h */ = {isa = PBXFileReference; fileEncoding = 4; lastKnownFileType = sourcecode.c.h; path = SHDocumentsFile.h; sourceTree = "<group>"; };
		FF56086B1BE5F1FE00BE2EDA /* SHDocumentsFile.m */ = {isa = PBXFileReference; fileEncoding = 4; lastKnownFileType = sourcecode.c.objc; path = SHDocumentsFile.m; sourceTree = "<group>"; };
		FF56086C1BE5F1FE00BE2EDA /* SHDownloader.h */ = {isa = PBXFileReference; fileEncoding = 4; lastKnownFileType = sourcecode.c.h; path = SHDownloader.h; sourceTree = "<group>"; };
		FF56086D1BE5F1FE00BE2EDA /* SHDownloader.m */ = {isa = PBXFileReference; fileEncoding = 4; lastKnownFileType = sourcecode.c.objc; path = SHDownloader.m; sourceTree = "<group>"; };
		FF56086E1BE5F1FE00BE2EDA /* SHFile.h */ = {isa = PBXFileReference; fileEncoding = 4; lastKnownFileType = sourcecode.c.h; path = SHFile.h; sourceTree = "<group>"; };
		FF56086F1BE5F1FE00BE2EDA /* SHFile.m */ = {isa = PBXFileReference; fileEncoding = 4; lastKnownFileType = sourcecode.c.objc; path = SHFile.m; sourceTree = "<group>"; };
		FF5608701BE5F1FE00BE2EDA /* SHTemporaryFile.h */ = {isa = PBXFileReference; fileEncoding = 4; lastKnownFileType = sourcecode.c.h; path = SHTemporaryFile.h; sourceTree = "<group>"; };
		FF5608711BE5F1FE00BE2EDA /* SHTemporaryFile.m */ = {isa = PBXFileReference; fileEncoding = 4; lastKnownFileType = sourcecode.c.objc; path = SHTemporaryFile.m; sourceTree = "<group>"; };
		FFA281B91BDCE2270095539F /* NSString+Extension.h */ = {isa = PBXFileReference; fileEncoding = 4; lastKnownFileType = sourcecode.c.h; path = "NSString+Extension.h"; sourceTree = "<group>"; };
		FFA281BA1BDCE2270095539F /* NSString+Extension.m */ = {isa = PBXFileReference; fileEncoding = 4; lastKnownFileType = sourcecode.c.objc; path = "NSString+Extension.m"; sourceTree = "<group>"; };
		FFA281BC1BDCE3DC0095539F /* MainViewController.h */ = {isa = PBXFileReference; fileEncoding = 4; lastKnownFileType = sourcecode.c.h; path = MainViewController.h; sourceTree = "<group>"; };
		FFA281BD1BDCE3DC0095539F /* MainViewController.m */ = {isa = PBXFileReference; fileEncoding = 4; lastKnownFileType = sourcecode.c.objc; path = MainViewController.m; sourceTree = "<group>"; };
		FFA281BF1BDCE6930095539F /* UIColor+Hex.h */ = {isa = PBXFileReference; fileEncoding = 4; lastKnownFileType = sourcecode.c.h; path = "UIColor+Hex.h"; sourceTree = "<group>"; };
		FFA281C01BDCE6930095539F /* UIColor+Hex.m */ = {isa = PBXFileReference; fileEncoding = 4; lastKnownFileType = sourcecode.c.objc; path = "UIColor+Hex.m"; sourceTree = "<group>"; };
		FFA281C21BDCEB140095539F /* TimerHeader.h */ = {isa = PBXFileReference; fileEncoding = 4; lastKnownFileType = sourcecode.c.h; path = TimerHeader.h; sourceTree = "<group>"; };
		FFA281C31BDCEB140095539F /* TimerHeader.m */ = {isa = PBXFileReference; fileEncoding = 4; lastKnownFileType = sourcecode.c.objc; path = TimerHeader.m; sourceTree = "<group>"; };
		FFC30B5E1BDCB52100D89D62 /* 中医养生堂.app */ = {isa = PBXFileReference; explicitFileType = wrapper.application; includeInIndex = 0; path = "中医养生堂.app"; sourceTree = BUILT_PRODUCTS_DIR; };
		FFC30B621BDCB52100D89D62 /* main.m */ = {isa = PBXFileReference; lastKnownFileType = sourcecode.c.objc; path = main.m; sourceTree = "<group>"; };
		FFC30B641BDCB52100D89D62 /* AppDelegate.h */ = {isa = PBXFileReference; lastKnownFileType = sourcecode.c.h; path = AppDelegate.h; sourceTree = "<group>"; };
		FFC30B651BDCB52100D89D62 /* AppDelegate.m */ = {isa = PBXFileReference; lastKnownFileType = sourcecode.c.objc; path = AppDelegate.m; sourceTree = "<group>"; };
		FFC30B671BDCB52100D89D62 /* ViewController.h */ = {isa = PBXFileReference; lastKnownFileType = sourcecode.c.h; path = ViewController.h; sourceTree = "<group>"; };
		FFC30B681BDCB52100D89D62 /* ViewController.m */ = {isa = PBXFileReference; lastKnownFileType = sourcecode.c.objc; path = ViewController.m; sourceTree = "<group>"; };
		FFC30B6B1BDCB52100D89D62 /* Base */ = {isa = PBXFileReference; lastKnownFileType = file.storyboard; name = Base; path = Base.lproj/Main.storyboard; sourceTree = "<group>"; };
		FFC30B6D1BDCB52100D89D62 /* Assets.xcassets */ = {isa = PBXFileReference; lastKnownFileType = folder.assetcatalog; path = Assets.xcassets; sourceTree = "<group>"; };
		FFC30B701BDCB52100D89D62 /* Base */ = {isa = PBXFileReference; lastKnownFileType = file.storyboard; name = Base; path = Base.lproj/LaunchScreen.storyboard; sourceTree = "<group>"; };
		FFC30B721BDCB52100D89D62 /* Info.plist */ = {isa = PBXFileReference; lastKnownFileType = text.plist.xml; path = Info.plist; sourceTree = "<group>"; };
		FFC30B791BDCB95100D89D62 /* HBaseCell.h */ = {isa = PBXFileReference; fileEncoding = 4; lastKnownFileType = sourcecode.c.h; path = HBaseCell.h; sourceTree = "<group>"; };
		FFC30B7A1BDCB95100D89D62 /* HBaseCell.m */ = {isa = PBXFileReference; fileEncoding = 4; lastKnownFileType = sourcecode.c.objc; path = HBaseCell.m; sourceTree = "<group>"; };
		FFC30B7C1BDCB98900D89D62 /* PeriodHealthCell.h */ = {isa = PBXFileReference; fileEncoding = 4; lastKnownFileType = sourcecode.c.h; path = PeriodHealthCell.h; sourceTree = "<group>"; };
		FFC30B7D1BDCB98900D89D62 /* PeriodHealthCell.m */ = {isa = PBXFileReference; fileEncoding = 4; lastKnownFileType = sourcecode.c.objc; path = PeriodHealthCell.m; sourceTree = "<group>"; };
		FFC30B7F1BDCB9B200D89D62 /* HPublic.h */ = {isa = PBXFileReference; lastKnownFileType = sourcecode.c.h; path = HPublic.h; sourceTree = "<group>"; };
		FFD8B99D1BE125CB0041EBE6 /* YYYSViewController.h */ = {isa = PBXFileReference; fileEncoding = 4; lastKnownFileType = sourcecode.c.h; path = YYYSViewController.h; sourceTree = "<group>"; };
		FFD8B99E1BE125CB0041EBE6 /* YYYSViewController.m */ = {isa = PBXFileReference; fileEncoding = 4; lastKnownFileType = sourcecode.c.objc; path = YYYSViewController.m; sourceTree = "<group>"; };
		FFD8B9A01BE1271E0041EBE6 /* BaseViewController.h */ = {isa = PBXFileReference; fileEncoding = 4; lastKnownFileType = sourcecode.c.h; path = BaseViewController.h; sourceTree = "<group>"; };
		FFD8B9A11BE1271E0041EBE6 /* BaseViewController.m */ = {isa = PBXFileReference; fileEncoding = 4; lastKnownFileType = sourcecode.c.objc; path = BaseViewController.m; sourceTree = "<group>"; };
		FFD8B9A31BE128CE0041EBE6 /* IntroViewController.h */ = {isa = PBXFileReference; fileEncoding = 4; lastKnownFileType = sourcecode.c.h; path = IntroViewController.h; sourceTree = "<group>"; };
		FFD8B9A41BE128CE0041EBE6 /* IntroViewController.m */ = {isa = PBXFileReference; fileEncoding = 4; lastKnownFileType = sourcecode.c.objc; path = IntroViewController.m; sourceTree = "<group>"; };
		FFD8B9A71BE12A020041EBE6 /* yyys.html */ = {isa = PBXFileReference; fileEncoding = 4; lastKnownFileType = text.html; path = yyys.html; sourceTree = "<group>"; };
		FFD8CCA11BE11A55006FBF8D /* SCYSViewController.h */ = {isa = PBXFileReference; fileEncoding = 4; lastKnownFileType = sourcecode.c.h; path = SCYSViewController.h; sourceTree = "<group>"; };
		FFD8CCA21BE11A55006FBF8D /* SCYSViewController.m */ = {isa = PBXFileReference; fileEncoding = 4; lastKnownFileType = sourcecode.c.objc; path = SCYSViewController.m; sourceTree = "<group>"; };
		FFDA637A1BE3C48900CF80B6 /* YYYSSectionView.h */ = {isa = PBXFileReference; fileEncoding = 4; lastKnownFileType = sourcecode.c.h; path = YYYSSectionView.h; sourceTree = "<group>"; };
		FFDA637B1BE3C48900CF80B6 /* YYYSSectionView.m */ = {isa = PBXFileReference; fileEncoding = 4; lastKnownFileType = sourcecode.c.objc; path = YYYSSectionView.m; sourceTree = "<group>"; };
		FFDCC4901BE12DBF002CCAB9 /* scys.html */ = {isa = PBXFileReference; fileEncoding = 4; lastKnownFileType = text.html; path = scys.html; sourceTree = "<group>"; };
		FFDCC4921BE12F4A002CCAB9 /* yyys_heart.html */ = {isa = PBXFileReference; fileEncoding = 4; lastKnownFileType = text.html; path = yyys_heart.html; sourceTree = "<group>"; };
		FFDCC4941BE1304B002CCAB9 /* WebViewDetailController.h */ = {isa = PBXFileReference; fileEncoding = 4; lastKnownFileType = sourcecode.c.h; path = WebViewDetailController.h; sourceTree = "<group>"; };
		FFDCC4951BE1304B002CCAB9 /* WebViewDetailController.m */ = {isa = PBXFileReference; fileEncoding = 4; lastKnownFileType = sourcecode.c.objc; path = WebViewDetailController.m; sourceTree = "<group>"; };
		FFDCC4971BE13304002CCAB9 /* yyys_liver.html */ = {isa = PBXFileReference; fileEncoding = 4; lastKnownFileType = text.html; path = yyys_liver.html; sourceTree = "<group>"; };
		FFDCC4991BE270FC002CCAB9 /* HTypeCell.h */ = {isa = PBXFileReference; fileEncoding = 4; lastKnownFileType = sourcecode.c.h; path = HTypeCell.h; sourceTree = "<group>"; };
		FFDCC49A1BE270FC002CCAB9 /* HTypeCell.m */ = {isa = PBXFileReference; fileEncoding = 4; lastKnownFileType = sourcecode.c.objc; path = HTypeCell.m; sourceTree = "<group>"; };
		FFDCC49C1BE27289002CCAB9 /* YYCell.h */ = {isa = PBXFileReference; fileEncoding = 4; lastKnownFileType = sourcecode.c.h; path = YYCell.h; sourceTree = "<group>"; };
		FFDCC49D1BE27289002CCAB9 /* YYCell.m */ = {isa = PBXFileReference; fileEncoding = 4; lastKnownFileType = sourcecode.c.objc; path = YYCell.m; sourceTree = "<group>"; };
		FFDCC49F1BE2775B002CCAB9 /* HPlayer.h */ = {isa = PBXFileReference; fileEncoding = 4; lastKnownFileType = sourcecode.c.h; path = HPlayer.h; sourceTree = "<group>"; };
		FFDCC4A01BE2775B002CCAB9 /* HPlayer.m */ = {isa = PBXFileReference; fileEncoding = 4; lastKnownFileType = sourcecode.c.objc; path = HPlayer.m; sourceTree = "<group>"; };
		FFED0EFD1BE7A24F0066997D /* Default-568h@2x.png */ = {isa = PBXFileReference; lastKnownFileType = image.png; path = "Default-568h@2x.png"; sourceTree = "<group>"; };
/* End PBXFileReference section */

/* Begin PBXFrameworksBuildPhase section */
		FFC30B5B1BDCB52100D89D62 /* Frameworks */ = {
			isa = PBXFrameworksBuildPhase;
			buildActionMask = 2147483647;
			files = (
				C0F1FDD0876907098CDDD630 /* libPods.a in Frameworks */,
			);
			runOnlyForDeploymentPostprocessing = 0;
		};
/* End PBXFrameworksBuildPhase section */

/* Begin PBXGroup section */
		1D86E9161BE33ED50055F5FE /* engine */ = {
			isa = PBXGroup;
			children = (
				1D86E9201BE356A00055F5FE /* Track.h */,
				1D86E9211BE356A00055F5FE /* Track.m */,
				1D86E91B1BE33EE20055F5FE /* TDSession.h */,
				1D86E91C1BE33EE20055F5FE /* TDSession.m */,
				FF56085E1BE595B800BE2EDA /* Player.h */,
				FF56085F1BE595B800BE2EDA /* Player.m */,
			);
			name = engine;
			sourceTree = "<group>";
		};
		B18E3907ACF8E810663E1D2B /* Pods */ = {
			isa = PBXGroup;
			children = (
				399DFCCFE63ACE241A2D3D6E /* Pods.debug.xcconfig */,
				1C59895F6647A2FA57E6C1FF /* Pods.release.xcconfig */,
			);
			name = Pods;
			sourceTree = "<group>";
		};
		E94E6733C7865BDC5520F022 /* Frameworks */ = {
			isa = PBXGroup;
			children = (
				F71D64658B9D73818BD77B0E /* libPods.a */,
			);
			name = Frameworks;
			sourceTree = "<group>";
		};
		FF2B939E1BE4F57A0014DF39 /* png */ = {
			isa = PBXGroup;
			children = (
				FF56085C1BE590B600BE2EDA /* jlys_dj.png */,
				FF5608421BE58D1C00BE2EDA /* jlys_dcj.png */,
				FF5608431BE58D1C00BE2EDA /* jlys_dm.png */,
				FF5608441BE58D1C00BE2EDA /* jlys_fj.png */,
				FF5608451BE58D1C00BE2EDA /* jlys_gj.png */,
				FF5608461BE58D1C00BE2EDA /* jlys_pgj.png */,
				FF5608471BE58D1C00BE2EDA /* jlys_pj.png */,
				FF5608481BE58D1C00BE2EDA /* jlys_rm.png */,
				FF5608491BE58D1C00BE2EDA /* jlys_sj.png */,
				FF56084A1BE58D1C00BE2EDA /* jlys_sjj.png */,
				FF56084B1BE58D1C00BE2EDA /* jlys_wj.png */,
				FF56084C1BE58D1C00BE2EDA /* jlys_xbj.png */,
				FF56084D1BE58D1C00BE2EDA /* jlys_xcj.png */,
				FF56084E1BE58D1C00BE2EDA /* jlys_xj.png */,
				FF2B939F1BE4F57A0014DF39 /* ysf_gj.png */,
				FF2B93A01BE4F57A0014DF39 /* ysf_jb.png */,
				FF2B93A11BE4F57A0014DF39 /* ysf_jd.png */,
				FF2B93A21BE4F57A0014DF39 /* ysf_jl.png */,
				FF2B93A31BE4F57A0014DF39 /* ysf_js.png */,
				FF2B93A41BE4F57A0014DF39 /* ysf_ss.png */,
				FF2B93A51BE4F57A0014DF39 /* ysf_tq.png */,
				FF2B93A61BE4F57A0014DF39 /* ysf_xs.png */,
				FF2B93A71BE4F57A0014DF39 /* ysf_ys.png */,
			);
			path = png;
			sourceTree = "<group>";
		};
		FF5608691BE5F1FE00BE2EDA /* SHFile */ = {
			isa = PBXGroup;
			children = (
				FF56086A1BE5F1FE00BE2EDA /* SHDocumentsFile.h */,
				FF56086B1BE5F1FE00BE2EDA /* SHDocumentsFile.m */,
				FF56086C1BE5F1FE00BE2EDA /* SHDownloader.h */,
				FF56086D1BE5F1FE00BE2EDA /* SHDownloader.m */,
				FF56086E1BE5F1FE00BE2EDA /* SHFile.h */,
				FF56086F1BE5F1FE00BE2EDA /* SHFile.m */,
				FF5608701BE5F1FE00BE2EDA /* SHTemporaryFile.h */,
				FF5608711BE5F1FE00BE2EDA /* SHTemporaryFile.m */,
			);
			path = SHFile;
			sourceTree = "<group>";
		};
		FFC30B551BDCB52100D89D62 = {
			isa = PBXGroup;
			children = (
				FFED0EFD1BE7A24F0066997D /* Default-568h@2x.png */,
				FFC30B601BDCB52100D89D62 /* health */,
				FFC30B5F1BDCB52100D89D62 /* Products */,
				B18E3907ACF8E810663E1D2B /* Pods */,
				E94E6733C7865BDC5520F022 /* Frameworks */,
			);
			sourceTree = "<group>";
		};
		FFC30B5F1BDCB52100D89D62 /* Products */ = {
			isa = PBXGroup;
			children = (
				FFC30B5E1BDCB52100D89D62 /* 中医养生堂.app */,
			);
			name = Products;
			sourceTree = "<group>";
		};
		FFC30B601BDCB52100D89D62 /* health */ = {
			isa = PBXGroup;
			children = (
				FF5608691BE5F1FE00BE2EDA /* SHFile */,
				1D86E9161BE33ED50055F5FE /* engine */,
				FFD8B9A61BE129F50041EBE6 /* html */,
				FFC30B801BDCC16100D89D62 /* category */,
				FFC30B781BDCB92700D89D62 /* view */,
				FFC30B641BDCB52100D89D62 /* AppDelegate.h */,
				FFC30B651BDCB52100D89D62 /* AppDelegate.m */,
				FFC30B7F1BDCB9B200D89D62 /* HPublic.h */,
				FFD8B9A01BE1271E0041EBE6 /* BaseViewController.h */,
				FFD8B9A11BE1271E0041EBE6 /* BaseViewController.m */,
				FFC30B671BDCB52100D89D62 /* ViewController.h */,
				FFC30B681BDCB52100D89D62 /* ViewController.m */,
				FFA281BC1BDCE3DC0095539F /* MainViewController.h */,
				FFA281BD1BDCE3DC0095539F /* MainViewController.m */,
				FFD8B99D1BE125CB0041EBE6 /* YYYSViewController.h */,
				FFD8B99E1BE125CB0041EBE6 /* YYYSViewController.m */,
				FFD8CCA11BE11A55006FBF8D /* SCYSViewController.h */,
				FFD8CCA21BE11A55006FBF8D /* SCYSViewController.m */,
				FF56083D1BE5142200BE2EDA /* JLYSViewController.h */,
				FF56083E1BE5142200BE2EDA /* JLYSViewController.m */,
				FFD8B9A31BE128CE0041EBE6 /* IntroViewController.h */,
				FFD8B9A41BE128CE0041EBE6 /* IntroViewController.m */,
				FFDCC4941BE1304B002CCAB9 /* WebViewDetailController.h */,
				FFDCC4951BE1304B002CCAB9 /* WebViewDetailController.m */,
				FF28B7331BDD14420054C7B4 /* DetailViewController.h */,
				FF28B7341BDD14420054C7B4 /* DetailViewController.m */,
				FFC30B6A1BDCB52100D89D62 /* Main.storyboard */,
				FFC30B6D1BDCB52100D89D62 /* Assets.xcassets */,
				FFC30B6F1BDCB52100D89D62 /* LaunchScreen.storyboard */,
				FFC30B721BDCB52100D89D62 /* Info.plist */,
				FFC30B611BDCB52100D89D62 /* Supporting Files */,
				FF28B72A1BDCF4A60054C7B4 /* HttpClient.h */,
				FF28B72B1BDCF4A60054C7B4 /* HttpClient.m */,
				FF28B7301BDD0F6A0054C7B4 /* HPublicMethod.h */,
				FF28B7311BDD0F6A0054C7B4 /* HPublicMethod.m */,
			);
			path = health;
			sourceTree = "<group>";
		};
		FFC30B611BDCB52100D89D62 /* Supporting Files */ = {
			isa = PBXGroup;
			children = (
				FFC30B621BDCB52100D89D62 /* main.m */,
			);
			name = "Supporting Files";
			sourceTree = "<group>";
		};
		FFC30B781BDCB92700D89D62 /* view */ = {
			isa = PBXGroup;
			children = (
				FF2B937C1BE479E00014DF39 /* NavPlayButton.h */,
				FF2B937D1BE479E00014DF39 /* NavPlayButton.m */,
				FFC30B791BDCB95100D89D62 /* HBaseCell.h */,
				FFC30B7A1BDCB95100D89D62 /* HBaseCell.m */,
				FFC30B7C1BDCB98900D89D62 /* PeriodHealthCell.h */,
				FFC30B7D1BDCB98900D89D62 /* PeriodHealthCell.m */,
				FFA281C21BDCEB140095539F /* TimerHeader.h */,
				FFA281C31BDCEB140095539F /* TimerHeader.m */,
				FF28B72D1BDD05330054C7B4 /* WeacherLabel.h */,
				FF28B72E1BDD05330054C7B4 /* WeacherLabel.m */,
				FFDCC4991BE270FC002CCAB9 /* HTypeCell.h */,
				FFDCC49A1BE270FC002CCAB9 /* HTypeCell.m */,
				FFDCC49C1BE27289002CCAB9 /* YYCell.h */,
				FFDCC49D1BE27289002CCAB9 /* YYCell.m */,
				FFDA637A1BE3C48900CF80B6 /* YYYSSectionView.h */,
				FFDA637B1BE3C48900CF80B6 /* YYYSSectionView.m */,
				FFDCC49F1BE2775B002CCAB9 /* HPlayer.h */,
				FFDCC4A01BE2775B002CCAB9 /* HPlayer.m */,
				FF2B93761BE456C80014DF39 /* HCellPlayer.h */,
				FF2B93771BE456C80014DF39 /* HCellPlayer.m */,
				FF2B93791BE46E3E0014DF39 /* YYTrackCell.h */,
				FF2B937A1BE46E3E0014DF39 /* YYTrackCell.m */,
				FF2B93821BE4EB100014DF39 /* JLCell.h */,
				FF2B93831BE4EB100014DF39 /* JLCell.m */,
			);
			path = view;
			sourceTree = "<group>";
		};
		FFC30B801BDCC16100D89D62 /* category */ = {
			isa = PBXGroup;
			children = (
				FFA281BF1BDCE6930095539F /* UIColor+Hex.h */,
				FFA281C01BDCE6930095539F /* UIColor+Hex.m */,
				FFA281B91BDCE2270095539F /* NSString+Extension.h */,
				FFA281BA1BDCE2270095539F /* NSString+Extension.m */,
			);
			path = category;
			sourceTree = "<group>";
		};
		FFD8B9A61BE129F50041EBE6 /* html */ = {
			isa = PBXGroup;
			children = (
				FF2B939E1BE4F57A0014DF39 /* png */,
				FF2B93741BE453B00014DF39 /* yyys_bg.png */,
				1D65B9661BE224DA00926244 /* scys_html_bg.png */,
				FFD8B9A71BE12A020041EBE6 /* yyys.html */,
				FFDCC4901BE12DBF002CCAB9 /* scys.html */,
				FFDCC4921BE12F4A002CCAB9 /* yyys_heart.html */,
				FFDCC4971BE13304002CCAB9 /* yyys_liver.html */,
				1D65B95D1BE217B100926244 /* yyys_spleen.html */,
				1D65B95F1BE2180000926244 /* yyys_lung.html */,
				1D65B9611BE2182700926244 /* yyys_kidney.html */,
				1D65B9731BE237C600926244 /* scys_zishi.html */,
				1D65B9751BE2397800926244 /* scys_choushi.html */,
				1D65B9771BE239E600926244 /* scys_yinshi.html */,
				1D65B9791BE239F500926244 /* scys_maoshi.html */,
				1D65B97B1BE23A0400926244 /* scys_chenshi.html */,
				1D65B97D1BE23A1000926244 /* scys_sishi.html */,
				1D65B97F1BE23A1A00926244 /* scys_wushi.html */,
				1D65B9811BE23A2300926244 /* scys_weishi.html */,
				1D65B9831BE23A2F00926244 /* scys_shenshi.html */,
				1D65B9851BE23A3900926244 /* scys_youshi.html */,
				1D65B9871BE23A4300926244 /* scys_xushi.html */,
				1D65B9891BE23A4E00926244 /* scys_haishi.html */,
				1D65B98B1BE3199500926244 /* music.json */,
				FF2B93851BE4F0880014DF39 /* ysf.html */,
				FF56083B1BE50E6300BE2EDA /* jlys.html */,
				FF5608671BE5C4CA00BE2EDA /* test.html */,
			);
			path = html;
			sourceTree = "<group>";
		};
/* End PBXGroup section */

/* Begin PBXNativeTarget section */
		FFC30B5D1BDCB52100D89D62 /* health */ = {
			isa = PBXNativeTarget;
			buildConfigurationList = FFC30B751BDCB52100D89D62 /* Build configuration list for PBXNativeTarget "health" */;
			buildPhases = (
				1D1FE9F1D55188A5E09ACD18 /* Check Pods Manifest.lock */,
				FFC30B5A1BDCB52100D89D62 /* Sources */,
				FFC30B5B1BDCB52100D89D62 /* Frameworks */,
				FFC30B5C1BDCB52100D89D62 /* Resources */,
				50A0CD785E0C7B992CB1D167 /* Copy Pods Resources */,
				ABF42114F6A7FA87EF741FE6 /* Embed Pods Frameworks */,
			);
			buildRules = (
			);
			dependencies = (
			);
			name = health;
			productName = health;
			productReference = FFC30B5E1BDCB52100D89D62 /* 中医养生堂.app */;
			productType = "com.apple.product-type.application";
		};
/* End PBXNativeTarget section */

/* Begin PBXProject section */
		FFC30B561BDCB52100D89D62 /* Project object */ = {
			isa = PBXProject;
			attributes = {
				LastUpgradeCheck = 0700;
				ORGANIZATIONNAME = lizhuzhu;
				TargetAttributes = {
					FFC30B5D1BDCB52100D89D62 = {
						CreatedOnToolsVersion = 7.0.1;
						SystemCapabilities = {
							com.apple.BackgroundModes = {
								enabled = 1;
							};
						};
					};
				};
			};
			buildConfigurationList = FFC30B591BDCB52100D89D62 /* Build configuration list for PBXProject "health" */;
			compatibilityVersion = "Xcode 3.2";
			developmentRegion = English;
			hasScannedForEncodings = 0;
			knownRegions = (
				en,
				Base,
			);
			mainGroup = FFC30B551BDCB52100D89D62;
			productRefGroup = FFC30B5F1BDCB52100D89D62 /* Products */;
			projectDirPath = "";
			projectRoot = "";
			targets = (
				FFC30B5D1BDCB52100D89D62 /* health */,
			);
		};
/* End PBXProject section */

/* Begin PBXResourcesBuildPhase section */
		FFC30B5C1BDCB52100D89D62 /* Resources */ = {
			isa = PBXResourcesBuildPhase;
			buildActionMask = 2147483647;
			files = (
				FF5608581BE58D1C00BE2EDA /* jlys_wj.png in Resources */,
				FFC30B711BDCB52100D89D62 /* LaunchScreen.storyboard in Resources */,
				FF5608571BE58D1C00BE2EDA /* jlys_sjj.png in Resources */,
				FFDCC4981BE13304002CCAB9 /* yyys_liver.html in Resources */,
				FF5608501BE58D1C00BE2EDA /* jlys_dm.png in Resources */,
				1D65B9621BE2182700926244 /* yyys_kidney.html in Resources */,
				FF56085B1BE58D1C00BE2EDA /* jlys_xj.png in Resources */,
				FF5608561BE58D1C00BE2EDA /* jlys_sj.png in Resources */,
				FF2B93861BE4F0880014DF39 /* ysf.html in Resources */,
				FFED0EFE1BE7A24F0066997D /* Default-568h@2x.png in Resources */,
				FF5608541BE58D1C00BE2EDA /* jlys_pj.png in Resources */,
				FF2B93B01BE4F57A0014DF39 /* ysf_ys.png in Resources */,
				FF2B93AB1BE4F57A0014DF39 /* ysf_jl.png in Resources */,
				FF56083C1BE50E6300BE2EDA /* jlys.html in Resources */,
				FF5608521BE58D1C00BE2EDA /* jlys_gj.png in Resources */,
				1D65B9841BE23A2F00926244 /* scys_shenshi.html in Resources */,
				1D65B9671BE224DA00926244 /* scys_html_bg.png in Resources */,
				1D65B9601BE2180000926244 /* yyys_lung.html in Resources */,
				1D65B9741BE237C600926244 /* scys_zishi.html in Resources */,
				FF2B93AE1BE4F57A0014DF39 /* ysf_tq.png in Resources */,
				FF56085D1BE590B600BE2EDA /* jlys_dj.png in Resources */,
				FF5608531BE58D1C00BE2EDA /* jlys_pgj.png in Resources */,
				1D65B9781BE239E600926244 /* scys_yinshi.html in Resources */,
				1D65B97A1BE239F500926244 /* scys_maoshi.html in Resources */,
				1D65B97C1BE23A0400926244 /* scys_chenshi.html in Resources */,
				1D65B9801BE23A1A00926244 /* scys_wushi.html in Resources */,
				1D65B98A1BE23A4E00926244 /* scys_haishi.html in Resources */,
				FFDCC4931BE12F4A002CCAB9 /* yyys_heart.html in Resources */,
				FF5608551BE58D1C00BE2EDA /* jlys_rm.png in Resources */,
				FFDCC4911BE12DBF002CCAB9 /* scys.html in Resources */,
				1D65B9861BE23A3900926244 /* scys_youshi.html in Resources */,
				1D65B97E1BE23A1000926244 /* scys_sishi.html in Resources */,
				FF2B93AC1BE4F57A0014DF39 /* ysf_js.png in Resources */,
				FFC30B6E1BDCB52100D89D62 /* Assets.xcassets in Resources */,
				FF2B93AD1BE4F57A0014DF39 /* ysf_ss.png in Resources */,
				1D65B95E1BE217B100926244 /* yyys_spleen.html in Resources */,
				FF5608681BE5C4CA00BE2EDA /* test.html in Resources */,
				FF2B93AF1BE4F57A0014DF39 /* ysf_xs.png in Resources */,
				FF2B93AA1BE4F57A0014DF39 /* ysf_jd.png in Resources */,
				1D65B9761BE2397800926244 /* scys_choushi.html in Resources */,
				1D65B98C1BE3199500926244 /* music.json in Resources */,
				FF56085A1BE58D1C00BE2EDA /* jlys_xcj.png in Resources */,
				FF2B93A81BE4F57A0014DF39 /* ysf_gj.png in Resources */,
				FF2B93751BE453B00014DF39 /* yyys_bg.png in Resources */,
				FF56084F1BE58D1C00BE2EDA /* jlys_dcj.png in Resources */,
				FFD8B9A81BE12A020041EBE6 /* yyys.html in Resources */,
				1D65B9821BE23A2300926244 /* scys_weishi.html in Resources */,
				FFC30B6C1BDCB52100D89D62 /* Main.storyboard in Resources */,
				FF2B93A91BE4F57A0014DF39 /* ysf_jb.png in Resources */,
				FF5608591BE58D1C00BE2EDA /* jlys_xbj.png in Resources */,
				1D65B9881BE23A4300926244 /* scys_xushi.html in Resources */,
				FF5608511BE58D1C00BE2EDA /* jlys_fj.png in Resources */,
			);
			runOnlyForDeploymentPostprocessing = 0;
		};
/* End PBXResourcesBuildPhase section */

/* Begin PBXShellScriptBuildPhase section */
		1D1FE9F1D55188A5E09ACD18 /* Check Pods Manifest.lock */ = {
			isa = PBXShellScriptBuildPhase;
			buildActionMask = 2147483647;
			files = (
			);
			inputPaths = (
			);
			name = "Check Pods Manifest.lock";
			outputPaths = (
			);
			runOnlyForDeploymentPostprocessing = 0;
			shellPath = /bin/sh;
			shellScript = "diff \"${PODS_ROOT}/../Podfile.lock\" \"${PODS_ROOT}/Manifest.lock\" > /dev/null\nif [[ $? != 0 ]] ; then\n    cat << EOM\nerror: The sandbox is not in sync with the Podfile.lock. Run 'pod install' or update your CocoaPods installation.\nEOM\n    exit 1\nfi\n";
			showEnvVarsInLog = 0;
		};
		50A0CD785E0C7B992CB1D167 /* Copy Pods Resources */ = {
			isa = PBXShellScriptBuildPhase;
			buildActionMask = 2147483647;
			files = (
			);
			inputPaths = (
			);
			name = "Copy Pods Resources";
			outputPaths = (
			);
			runOnlyForDeploymentPostprocessing = 0;
			shellPath = /bin/sh;
			shellScript = "\"${SRCROOT}/Pods/Target Support Files/Pods/Pods-resources.sh\"\n";
			showEnvVarsInLog = 0;
		};
		ABF42114F6A7FA87EF741FE6 /* Embed Pods Frameworks */ = {
			isa = PBXShellScriptBuildPhase;
			buildActionMask = 2147483647;
			files = (
			);
			inputPaths = (
			);
			name = "Embed Pods Frameworks";
			outputPaths = (
			);
			runOnlyForDeploymentPostprocessing = 0;
			shellPath = /bin/sh;
			shellScript = "\"${SRCROOT}/Pods/Target Support Files/Pods/Pods-frameworks.sh\"\n";
			showEnvVarsInLog = 0;
		};
/* End PBXShellScriptBuildPhase section */

/* Begin PBXSourcesBuildPhase section */
		FFC30B5A1BDCB52100D89D62 /* Sources */ = {
			isa = PBXSourcesBuildPhase;
			buildActionMask = 2147483647;
			files = (
				FFC30B691BDCB52100D89D62 /* ViewController.m in Sources */,
				FFA281BB1BDCE2270095539F /* NSString+Extension.m in Sources */,
				1D86E91F1BE33EE20055F5FE /* TDSession.m in Sources */,
				FF2B937B1BE46E3E0014DF39 /* YYTrackCell.m in Sources */,
				FF5608601BE595B800BE2EDA /* Player.m in Sources */,
				FF28B72C1BDCF4A60054C7B4 /* HttpClient.m in Sources */,
				FF5608741BE5F1FE00BE2EDA /* SHFile.m in Sources */,
				FFDCC4A11BE2775B002CCAB9 /* HPlayer.m in Sources */,
				FFA281C41BDCEB140095539F /* TimerHeader.m in Sources */,
				FFC30B7B1BDCB95100D89D62 /* HBaseCell.m in Sources */,
				FF28B72F1BDD05330054C7B4 /* WeacherLabel.m in Sources */,
				FF2B93841BE4EB100014DF39 /* JLCell.m in Sources */,
				FFD8B9A51BE128CE0041EBE6 /* IntroViewController.m in Sources */,
				FF5608721BE5F1FE00BE2EDA /* SHDocumentsFile.m in Sources */,
				FF5608751BE5F1FE00BE2EDA /* SHTemporaryFile.m in Sources */,
				FFC30B661BDCB52100D89D62 /* AppDelegate.m in Sources */,
				FFDA637C1BE3C48900CF80B6 /* YYYSSectionView.m in Sources */,
				FFDCC49B1BE270FC002CCAB9 /* HTypeCell.m in Sources */,
				FFDCC4961BE1304B002CCAB9 /* WebViewDetailController.m in Sources */,
				FFA281BE1BDCE3DC0095539F /* MainViewController.m in Sources */,
				FFA281C11BDCE6930095539F /* UIColor+Hex.m in Sources */,
				FF5608731BE5F1FE00BE2EDA /* SHDownloader.m in Sources */,
				FFD8B9A21BE1271E0041EBE6 /* BaseViewController.m in Sources */,
				FFDCC49E1BE27289002CCAB9 /* YYCell.m in Sources */,
				FF28B7351BDD14420054C7B4 /* DetailViewController.m in Sources */,
				FFD8CCA31BE11A55006FBF8D /* SCYSViewController.m in Sources */,
				FFC30B631BDCB52100D89D62 /* main.m in Sources */,
				FF2B93781BE456C80014DF39 /* HCellPlayer.m in Sources */,
				FF28B7321BDD0F6A0054C7B4 /* HPublicMethod.m in Sources */,
				FFD8B99F1BE125CB0041EBE6 /* YYYSViewController.m in Sources */,
				FF56083F1BE5142200BE2EDA /* JLYSViewController.m in Sources */,
				FFC30B7E1BDCB98900D89D62 /* PeriodHealthCell.m in Sources */,
				1D86E9221BE356A00055F5FE /* Track.m in Sources */,
				FF2B937E1BE479E00014DF39 /* NavPlayButton.m in Sources */,
			);
			runOnlyForDeploymentPostprocessing = 0;
		};
/* End PBXSourcesBuildPhase section */

/* Begin PBXVariantGroup section */
		FFC30B6A1BDCB52100D89D62 /* Main.storyboard */ = {
			isa = PBXVariantGroup;
			children = (
				FFC30B6B1BDCB52100D89D62 /* Base */,
			);
			name = Main.storyboard;
			sourceTree = "<group>";
		};
		FFC30B6F1BDCB52100D89D62 /* LaunchScreen.storyboard */ = {
			isa = PBXVariantGroup;
			children = (
				FFC30B701BDCB52100D89D62 /* Base */,
			);
			name = LaunchScreen.storyboard;
			sourceTree = "<group>";
		};
/* End PBXVariantGroup section */

/* Begin XCBuildConfiguration section */
		FFC30B731BDCB52100D89D62 /* Debug */ = {
			isa = XCBuildConfiguration;
			buildSettings = {
				ALWAYS_SEARCH_USER_PATHS = NO;
				CLANG_CXX_LANGUAGE_STANDARD = "gnu++0x";
				CLANG_CXX_LIBRARY = "libc++";
				CLANG_ENABLE_MODULES = YES;
				CLANG_ENABLE_OBJC_ARC = YES;
				CLANG_WARN_BOOL_CONVERSION = YES;
				CLANG_WARN_CONSTANT_CONVERSION = YES;
				CLANG_WARN_DIRECT_OBJC_ISA_USAGE = YES_ERROR;
				CLANG_WARN_EMPTY_BODY = YES;
				CLANG_WARN_ENUM_CONVERSION = YES;
				CLANG_WARN_INT_CONVERSION = YES;
				CLANG_WARN_OBJC_ROOT_CLASS = YES_ERROR;
				CLANG_WARN_UNREACHABLE_CODE = YES;
				CLANG_WARN__DUPLICATE_METHOD_MATCH = YES;
				"CODE_SIGN_IDENTITY[sdk=iphoneos*]" = "iPhone Developer";
				COPY_PHASE_STRIP = NO;
				DEBUG_INFORMATION_FORMAT = dwarf;
				ENABLE_STRICT_OBJC_MSGSEND = YES;
				ENABLE_TESTABILITY = YES;
				GCC_C_LANGUAGE_STANDARD = gnu99;
				GCC_DYNAMIC_NO_PIC = NO;
				GCC_NO_COMMON_BLOCKS = YES;
				GCC_OPTIMIZATION_LEVEL = 0;
				GCC_PREPROCESSOR_DEFINITIONS = (
					"DEBUG=1",
					"$(inherited)",
				);
				GCC_WARN_64_TO_32_BIT_CONVERSION = YES;
				GCC_WARN_ABOUT_RETURN_TYPE = YES_ERROR;
				GCC_WARN_UNDECLARED_SELECTOR = YES;
				GCC_WARN_UNINITIALIZED_AUTOS = YES_AGGRESSIVE;
				GCC_WARN_UNUSED_FUNCTION = YES;
				GCC_WARN_UNUSED_VARIABLE = YES;
				IPHONEOS_DEPLOYMENT_TARGET = 7.0;
				MTL_ENABLE_DEBUG_INFO = YES;
				ONLY_ACTIVE_ARCH = YES;
				SDKROOT = iphoneos;
				TARGETED_DEVICE_FAMILY = "1,2";
			};
			name = Debug;
		};
		FFC30B741BDCB52100D89D62 /* Release */ = {
			isa = XCBuildConfiguration;
			buildSettings = {
				ALWAYS_SEARCH_USER_PATHS = NO;
				CLANG_CXX_LANGUAGE_STANDARD = "gnu++0x";
				CLANG_CXX_LIBRARY = "libc++";
				CLANG_ENABLE_MODULES = YES;
				CLANG_ENABLE_OBJC_ARC = YES;
				CLANG_WARN_BOOL_CONVERSION = YES;
				CLANG_WARN_CONSTANT_CONVERSION = YES;
				CLANG_WARN_DIRECT_OBJC_ISA_USAGE = YES_ERROR;
				CLANG_WARN_EMPTY_BODY = YES;
				CLANG_WARN_ENUM_CONVERSION = YES;
				CLANG_WARN_INT_CONVERSION = YES;
				CLANG_WARN_OBJC_ROOT_CLASS = YES_ERROR;
				CLANG_WARN_UNREACHABLE_CODE = YES;
				CLANG_WARN__DUPLICATE_METHOD_MATCH = YES;
				"CODE_SIGN_IDENTITY[sdk=iphoneos*]" = "iPhone Developer";
				COPY_PHASE_STRIP = NO;
				DEBUG_INFORMATION_FORMAT = "dwarf-with-dsym";
				ENABLE_NS_ASSERTIONS = NO;
				ENABLE_STRICT_OBJC_MSGSEND = YES;
				GCC_C_LANGUAGE_STANDARD = gnu99;
				GCC_NO_COMMON_BLOCKS = YES;
				GCC_WARN_64_TO_32_BIT_CONVERSION = YES;
				GCC_WARN_ABOUT_RETURN_TYPE = YES_ERROR;
				GCC_WARN_UNDECLARED_SELECTOR = YES;
				GCC_WARN_UNINITIALIZED_AUTOS = YES_AGGRESSIVE;
				GCC_WARN_UNUSED_FUNCTION = YES;
				GCC_WARN_UNUSED_VARIABLE = YES;
				IPHONEOS_DEPLOYMENT_TARGET = 7.0;
				MTL_ENABLE_DEBUG_INFO = NO;
				SDKROOT = iphoneos;
				TARGETED_DEVICE_FAMILY = "1,2";
				VALIDATE_PRODUCT = YES;
			};
			name = Release;
		};
		FFC30B761BDCB52100D89D62 /* Debug */ = {
			isa = XCBuildConfiguration;
			baseConfigurationReference = 399DFCCFE63ACE241A2D3D6E /* Pods.debug.xcconfig */;
			buildSettings = {
				ASSETCATALOG_COMPILER_APPICON_NAME = AppIcon;
				CODE_SIGN_IDENTITY = "iPhone Developer";
				ENABLE_BITCODE = NO;
				INFOPLIST_FILE = health/Info.plist;
				IPHONEOS_DEPLOYMENT_TARGET = 7.0;
				LD_RUNPATH_SEARCH_PATHS = "$(inherited) @executable_path/Frameworks";
				LINKER_DISPLAYS_MANGLED_NAMES = NO;
				PRODUCT_BUNDLE_IDENTIFIER = com.tingting.health;
				PRODUCT_NAME = "中医养生堂";
				TARGETED_DEVICE_FAMILY = 1;
			};
			name = Debug;
		};
		FFC30B771BDCB52100D89D62 /* Release */ = {
			isa = XCBuildConfiguration;
			baseConfigurationReference = 1C59895F6647A2FA57E6C1FF /* Pods.release.xcconfig */;
			buildSettings = {
				ASSETCATALOG_COMPILER_APPICON_NAME = AppIcon;
				CODE_SIGN_IDENTITY = "iPhone Distribution";
				ENABLE_BITCODE = NO;
				INFOPLIST_FILE = health/Info.plist;
				IPHONEOS_DEPLOYMENT_TARGET = 7.0;
				LD_RUNPATH_SEARCH_PATHS = "$(inherited) @executable_path/Frameworks";
				LINKER_DISPLAYS_MANGLED_NAMES = NO;
				PRODUCT_BUNDLE_IDENTIFIER = com.tingting.health;
				PRODUCT_NAME = "中医养生堂";
				TARGETED_DEVICE_FAMILY = 1;
			};
			name = Release;
		};
/* End XCBuildConfiguration section */

/* Begin XCConfigurationList section */
		FFC30B591BDCB52100D89D62 /* Build configuration list for PBXProject "health" */ = {
			isa = XCConfigurationList;
			buildConfigurations = (
				FFC30B731BDCB52100D89D62 /* Debug */,
				FFC30B741BDCB52100D89D62 /* Release */,
			);
			defaultConfigurationIsVisible = 0;
			defaultConfigurationName = Release;
		};
		FFC30B751BDCB52100D89D62 /* Build configuration list for PBXNativeTarget "health" */ = {
			isa = XCConfigurationList;
			buildConfigurations = (
				FFC30B761BDCB52100D89D62 /* Debug */,
				FFC30B771BDCB52100D89D62 /* Release */,
			);
			defaultConfigurationIsVisible = 0;
			defaultConfigurationName = Release;
		};
/* End XCConfigurationList section */
	};
	rootObject = FFC30B561BDCB52100D89D62 /* Project object */;
}
